
Microsoft Visual Studio Solution File, Format Version 12.00
# Visual Studio Version 17
VisualStudioVersion = 17.9.34607.119
MinimumVisualStudioVersion = 10.0.40219.1
Project("{9A19103F-16F7-4668-BE54-9A1E7A4F7556}") = "Simple_Authentication_System_Api", "Simple_Authentication_System_Api.csproj", "{3C7A78EA-6ED4-452B-B916-45A1E96B0EE3}"
EndProject
Project("{FAE04EC0-301F-11D3-BF4B-00C04F79EFBC}") = "Simple_Authentication_System_Domain", "..\Domain\Simple_Authentication_System_Domain.csproj", "{38DA3D75-3B92-48B4-B530-1FFD6AED9213}"
EndProject
Project("{FAE04EC0-301F-11D3-BF4B-00C04F79EFBC}") = "Simple_Authentication_System_Application", "..\Simple_Authentication_System_Application\Simple_Authentication_System_Application.csproj", "{5F0351D8-0423-4AA6-98B7-8B3B12B3DDF4}"
EndProject
Global
	GlobalSection(SolutionConfigurationPlatforms) = preSolution
		Debug|Any CPU = Debug|Any CPU
		Release|Any CPU = Release|Any CPU
	EndGlobalSection
	GlobalSection(ProjectConfigurationPlatforms) = postSolution
		{3C7A78EA-6ED4-452B-B916-45A1E96B0EE3}.Debug|Any CPU.ActiveCfg = Debug|Any CPU
		{3C7A78EA-6ED4-452B-B916-45A1E96B0EE3}.Debug|Any CPU.Build.0 = Debug|Any CPU
		{3C7A78EA-6ED4-452B-B916-45A1E96B0EE3}.Release|Any CPU.ActiveCfg = Release|Any CPU
		{3C7A78EA-6ED4-452B-B916-45A1E96B0EE3}.Release|Any CPU.Build.0 = Release|Any CPU
		{38DA3D75-3B92-48B4-B530-1FFD6AED9213}.Debug|Any CPU.ActiveCfg = Debug|Any CPU
		{38DA3D75-3B92-48B4-B530-1FFD6AED9213}.Debug|Any CPU.Build.0 = Debug|Any CPU
		{38DA3D75-3B92-48B4-B530-1FFD6AED9213}.Release|Any CPU.ActiveCfg = Release|Any CPU
		{38DA3D75-3B92-48B4-B530-1FFD6AED9213}.Release|Any CPU.Build.0 = Release|Any CPU
		{5F0351D8-0423-4AA6-98B7-8B3B12B3DDF4}.Debug|Any CPU.ActiveCfg = Debug|Any CPU
		{5F0351D8-0423-4AA6-98B7-8B3B12B3DDF4}.Debug|Any CPU.Build.0 = Debug|Any CPU
		{5F0351D8-0423-4AA6-98B7-8B3B12B3DDF4}.Release|Any CPU.ActiveCfg = Release|Any CPU
		{5F0351D8-0423-4AA6-98B7-8B3B12B3DDF4}.Release|Any CPU.Build.0 = Release|Any CPU
	EndGlobalSection
	GlobalSection(SolutionProperties) = preSolution
		HideSolutionNode = FALSE
	EndGlobalSection
	GlobalSection(ExtensibilityGlobals) = postSolution
		SolutionGuid = {E57FD51C-EB5C-444E-BBD0-AD369B201C2A}
	EndGlobalSection
EndGlobal
